# THIS IS AN AUTOGENERATED FILE. DO NOT EDIT THIS FILE DIRECTLY.
# yarn lockfile v1
accepts@~1.3.3:
  version "1.3.3"
  resolved "http://registry.npm.taobao.org/accepts/download/accepts-1.3.3.tgz#c3ca7434938648c3e0d9c1e328dd68b622c284ca"
  dependencies:
    mime-types "~2.1.11"
    negotiator "0.6.1"

array-flatten@1.1.1:
  version "1.1.1"
  resolved "http://registry.npm.taobao.org/array-flatten/download/array-flatten-1.1.1.tgz#9a5f699051b1e7073328f2a008968b64ea2955d2"

async@~0.1.22, async@0.1.x:
  version "0.1.22"
  resolved "http://registry.npm.taobao.org/async/download/async-0.1.22.tgz#0fc1aaa088a0e3ef0ebe2d8831bab0dcf8845061"

buffer-crc32@0.2.1:
  version "0.2.1"
  resolved "http://registry.npm.taobao.org/buffer-crc32/download/buffer-crc32-0.2.1.tgz#be3e5382fc02b6d6324956ac1af98aa98b08534c"

bytes@0.2.0:
  version "0.2.0"
  resolved "http://registry.npm.taobao.org/bytes/download/bytes-0.2.0.tgz#aad33ec14e3dc2ca74e8e7d451f9ba053ad4f7a0"

colors@~0.6.0-1:
  version "0.6.2"
  resolved "http://registry.npm.taobao.org/colors/download/colors-0.6.2.tgz#2423fe6678ac0c5dae8852e5d0e5be08c997abcc"

connect@~2.7.1:
  version "2.7.11"
  resolved "http://registry.npm.taobao.org/connect/download/connect-2.7.11.tgz#f561d5eef70b8d719c397f724d34ba4065c77a3e"
  dependencies:
    buffer-crc32 "0.2.1"
    bytes "0.2.0"
    cookie "0.0.5"
    cookie-signature "1.0.1"
    debug "*"
    formidable "1.0.14"
    fresh "0.1.0"
    pause "0.0.1"
    qs "0.6.5"
    send "0.1.1"

content-disposition@0.5.1:
  version "0.5.1"
  resolved "http://registry.npm.taobao.org/content-disposition/download/content-disposition-0.5.1.tgz#87476c6a67c8daa87e32e87616df883ba7fb071b"

content-type@~1.0.2:
  version "1.0.2"
  resolved "http://registry.npm.taobao.org/content-type/download/content-type-1.0.2.tgz#b7d113aee7a8dd27bd21133c4dc2529df1721eed"

cookie-signature@1.0.1:
  version "1.0.1"
  resolved "http://registry.npm.taobao.org/cookie-signature/download/cookie-signature-1.0.1.tgz#44e072148af01e6e8e24afbf12690d68ae698ecb"

cookie-signature@1.0.6:
  version "1.0.6"
  resolved "http://registry.npm.taobao.org/cookie-signature/download/cookie-signature-1.0.6.tgz#e303a882b342cc3ee8ca513a79999734dab3ae2c"

cookie@0.0.5:
  version "0.0.5"
  resolved "http://registry.npm.taobao.org/cookie/download/cookie-0.0.5.tgz#f9acf9db57eb7568c9fcc596256b7bb22e307c81"

cookie@0.3.1:
  version "0.3.1"
  resolved "http://registry.npm.taobao.org/cookie/download/cookie-0.3.1.tgz#e7e0a1f9ef43b4c8ba925c5c5a96e806d16873bb"

debug@*:
  version "2.3.3"
  resolved "http://registry.npm.taobao.org/debug/download/debug-2.3.3.tgz#40c453e67e6e13c901ddec317af8986cda9eff8c"
  dependencies:
    ms "0.7.2"

debug@~2.2.0:
  version "2.2.0"
  resolved "http://registry.npm.taobao.org/debug/download/debug-2.2.0.tgz#f87057e995b1a1f6ae6a4960664137bc56f039da"
  dependencies:
    ms "0.7.1"

depd@~1.1.0:
  version "1.1.0"
  resolved "http://registry.npm.taobao.org/depd/download/depd-1.1.0.tgz#e1bd82c6aab6ced965b97b88b17ed3e528ca18c3"

destroy@~1.0.4:
  version "1.0.4"
  resolved "http://registry.npm.taobao.org/destroy/download/destroy-1.0.4.tgz#978857442c44749e4206613e37946205826abd80"

echo-js:
  version "1.7.3"
  resolved "http://registry.npm.taobao.org/echo-js/download/echo-js-1.7.3.tgz#6cf040b4bdd23f950d0432e0283909d3fe90d8f8"

echojs:
  version "0.1.4"
  resolved "http://registry.npm.taobao.org/echojs/download/echojs-0.1.4.tgz#a9eeb87f9dab3e6b730eab29fbe8e66c62c2da48"
  dependencies:
    rem "~0.6.3-2"

ee-first@1.1.1:
  version "1.1.1"
  resolved "http://registry.npm.taobao.org/ee-first/download/ee-first-1.1.1.tgz#590c61156b0ae2f4f0255732a158b266bc56b21d"

encodeurl@~1.0.1:
  version "1.0.1"
  resolved "http://registry.npm.taobao.org/encodeurl/download/encodeurl-1.0.1.tgz#79e3d58655346909fe6f0f45a5de68103b294d20"

escape-html@~1.0.3:
  version "1.0.3"
  resolved "http://registry.npm.taobao.org/escape-html/download/escape-html-1.0.3.tgz#0258eae4d3d0c0974de1c169188ef0051d1d1988"

etag@~1.7.0:
  version "1.7.0"
  resolved "http://registry.npm.taobao.org/etag/download/etag-1.7.0.tgz#03d30b5f67dd6e632d2945d30d6652731a34d5d8"

express@^4.14.0:
  version "4.14.0"
  resolved "http://registry.npm.taobao.org/express/download/express-4.14.0.tgz#c1ee3f42cdc891fb3dc650a8922d51ec847d0d66"
  dependencies:
    accepts "~1.3.3"
    array-flatten "1.1.1"
    content-disposition "0.5.1"
    content-type "~1.0.2"
    cookie "0.3.1"
    cookie-signature "1.0.6"
    debug "~2.2.0"
    depd "~1.1.0"
    encodeurl "~1.0.1"
    escape-html "~1.0.3"
    etag "~1.7.0"
    finalhandler "0.5.0"
    fresh "0.3.0"
    merge-descriptors "1.0.1"
    methods "~1.1.2"
    on-finished "~2.3.0"
    parseurl "~1.3.1"
    path-to-regexp "0.1.7"
    proxy-addr "~1.1.2"
    qs "6.2.0"
    range-parser "~1.2.0"
    send "0.14.1"
    serve-static "~1.11.1"
    type-is "~1.6.13"
    utils-merge "1.0.0"
    vary "~1.1.0"

finalhandler@0.5.0:
  version "0.5.0"
  resolved "http://registry.npm.taobao.org/finalhandler/download/finalhandler-0.5.0.tgz#e9508abece9b6dba871a6942a1d7911b91911ac7"
  dependencies:
    debug "~2.2.0"
    escape-html "~1.0.3"
    on-finished "~2.3.0"
    statuses "~1.3.0"
    unpipe "~1.0.0"

formidable@1.0.14:
  version "1.0.14"
  resolved "http://registry.npm.taobao.org/formidable/download/formidable-1.0.14.tgz#2b3f4c411cbb5fdd695c44843e2a23514a43231a"

forwarded@~0.1.0:
  version "0.1.0"
  resolved "http://registry.npm.taobao.org/forwarded/download/forwarded-0.1.0.tgz#19ef9874c4ae1c297bcf078fde63a09b66a84363"

fresh@0.1.0:
  version "0.1.0"
  resolved "http://registry.npm.taobao.org/fresh/download/fresh-0.1.0.tgz#03e4b0178424e4c2d5d19a54d8814cdc97934850"

fresh@0.3.0:
  version "0.3.0"
  resolved "http://registry.npm.taobao.org/fresh/download/fresh-0.3.0.tgz#651f838e22424e7566de161d8358caa199f83d4f"

http-errors@~1.5.0:
  version "1.5.1"
  resolved "http://registry.npm.taobao.org/http-errors/download/http-errors-1.5.1.tgz#788c0d2c1de2c81b9e6e8c01843b6b97eb920750"
  dependencies:
    inherits "2.0.3"
    setprototypeof "1.0.2"
    statuses ">= 1.3.1 < 2"

inherits@2.0.3:
  version "2.0.3"
  resolved "http://registry.npm.taobao.org/inherits/download/inherits-2.0.3.tgz#633c2c83e3da42a502f52466022480f4208261de"

ini@1.x.x:
  version "1.3.4"
  resolved "http://registry.npm.taobao.org/ini/download/ini-1.3.4.tgz#0537cb79daf59b59a1a517dff706c86ec039162e"

ipaddr.js@1.1.1:
  version "1.1.1"
  resolved "http://registry.npm.taobao.org/ipaddr.js/download/ipaddr.js-1.1.1.tgz#c791d95f52b29c1247d5df80ada39b8a73647230"

jquery@^3.1.0:
  version "3.1.1"
  resolved "http://registry.npm.taobao.org/jquery/download/jquery-3.1.1.tgz#347c1c21c7e004115e0a4da32cece041fad3c8a3"

media-typer@0.3.0:
  version "0.3.0"
  resolved "http://registry.npm.taobao.org/media-typer/download/media-typer-0.3.0.tgz#8710d7af0aa626f8fffa1ce00168545263255748"

merge-descriptors@1.0.1:
  version "1.0.1"
  resolved "http://registry.npm.taobao.org/merge-descriptors/download/merge-descriptors-1.0.1.tgz#b00aaa556dd8b44568150ec9d1b953f3f90cbb61"

methods@~1.1.2:
  version "1.1.2"
  resolved "http://registry.npm.taobao.org/methods/download/methods-1.1.2.tgz#5529a4d67654134edcc5266656835b0f851afcee"

mime-db@~1.25.0:
  version "1.25.0"
  resolved "http://registry.npm.taobao.org/mime-db/download/mime-db-1.25.0.tgz#c18dbd7c73a5dbf6f44a024dc0d165a1e7b1c392"

mime-types@~2.1.11, mime-types@~2.1.13:
  version "2.1.13"
  resolved "http://registry.npm.taobao.org/mime-types/download/mime-types-2.1.13.tgz#e07aaa9c6c6b9a7ca3012c69003ad25a39e92a88"
  dependencies:
    mime-db "~1.25.0"

mime@~1.2.9:
  version "1.2.11"
  resolved "http://registry.npm.taobao.org/mime/download/mime-1.2.11.tgz#58203eed86e3a5ef17aed2b7d9ebd47f0a60dd10"

mime@1.3.4:
  version "1.3.4"
  resolved "http://registry.npm.taobao.org/mime/download/mime-1.3.4.tgz#115f9e3b6b3daf2959983cb38f149a2d40eb5d53"

ms@0.7.1:
  version "0.7.1"
  resolved "http://registry.npm.taobao.org/ms/download/ms-0.7.1.tgz#9cd13c03adbff25b65effde7ce864ee952017098"

ms@0.7.2:
  version "0.7.2"
  resolved "http://registry.npm.taobao.org/ms/download/ms-0.7.2.tgz#ae25cf2512b3885a1d95d7f037868d8431124765"

nconf@0.6.0:
  version "0.6.0"
  resolved "http://registry.npm.taobao.org/nconf/download/nconf-0.6.0.tgz#243d59ea9e386641330f758119dbe8649ec57670"
  dependencies:
    async "0.1.x"
    ini "1.x.x"
    optimist "0.3.x"
    pkginfo "0.2.x"

negotiator@0.6.1:
  version "0.6.1"
  resolved "http://registry.npm.taobao.org/negotiator/download/negotiator-0.6.1.tgz#2b327184e8992101177b28563fb5e7102acd0ca9"

oauth@~0.9.10:
  version "0.9.14"
  resolved "http://registry.npm.taobao.org/oauth/download/oauth-0.9.14.tgz#c5748883a40b53de30ade9cabf2100414b8a0971"

on-finished@~2.3.0:
  version "2.3.0"
  resolved "http://registry.npm.taobao.org/on-finished/download/on-finished-2.3.0.tgz#20f1336481b083cd75337992a16971aa2d906947"
  dependencies:
    ee-first "1.1.1"

open@0.0.2:
  version "0.0.2"
  resolved "http://registry.npm.taobao.org/open/download/open-0.0.2.tgz#0a620ba2574464742f51e69f8ba8eccfd97b5dfc"

optimist@0.3.x:
  version "0.3.7"
  resolved "http://registry.npm.taobao.org/optimist/download/optimist-0.3.7.tgz#c90941ad59e4273328923074d2cf2e7cbc6ec0d9"
  dependencies:
    wordwrap "~0.0.2"

osenv@0.0.3:
  version "0.0.3"
  resolved "http://registry.npm.taobao.org/osenv/download/osenv-0.0.3.tgz#cd6ad8ddb290915ad9e22765576025d411f29cb6"

parseurl@~1.3.1:
  version "1.3.1"
  resolved "http://registry.npm.taobao.org/parseurl/download/parseurl-1.3.1.tgz#c8ab8c9223ba34888aa64a297b28853bec18da56"

path-to-regexp@0.1.7:
  version "0.1.7"
  resolved "http://registry.npm.taobao.org/path-to-regexp/download/path-to-regexp-0.1.7.tgz#df604178005f522f15eb4490e7247a1bfaa67f8c"

pause@0.0.1:
  version "0.0.1"
  resolved "http://registry.npm.taobao.org/pause/download/pause-0.0.1.tgz#1d408b3fdb76923b9543d96fb4c9dfd535d9cb5d"

pkginfo@0.2.x:
  version "0.2.3"
  resolved "http://registry.npm.taobao.org/pkginfo/download/pkginfo-0.2.3.tgz#7239c42a5ef6c30b8f328439d9b9ff71042490f8"

proxy-addr@~1.1.2:
  version "1.1.2"
  resolved "http://registry.npm.taobao.org/proxy-addr/download/proxy-addr-1.1.2.tgz#b4cc5f22610d9535824c123aef9d3cf73c40ba37"
  dependencies:
    forwarded "~0.1.0"
    ipaddr.js "1.1.1"

punycode@>=0.2.0:
  version "2.0.1"
  resolved "http://registry.npm.taobao.org/punycode/download/punycode-2.0.1.tgz#3f142fd8e6ef4e9ce24acbf7ba869ff9b00d2c2b"

qs@0.6.5:
  version "0.6.5"
  resolved "http://registry.npm.taobao.org/qs/download/qs-0.6.5.tgz#294b268e4b0d4250f6dde19b3b8b34935dff14ef"

qs@6.2.0:
  version "6.2.0"
  resolved "http://registry.npm.taobao.org/qs/download/qs-6.2.0.tgz#3b7848c03c2dece69a9522b0fae8c4126d745f3b"

range-parser@~1.2.0:
  version "1.2.0"
  resolved "http://registry.npm.taobao.org/range-parser/download/range-parser-1.2.0.tgz#f49be6b487894ddc40dcc94a322f611092e00d5e"

range-parser@0.0.4:
  version "0.0.4"
  resolved "http://registry.npm.taobao.org/range-parser/download/range-parser-0.0.4.tgz#c0427ffef51c10acba0782a46c9602e744ff620b"

read@0.1.0:
  version "0.1.0"
  resolved "http://registry.npm.taobao.org/read/download/read-0.1.0.tgz#5fc4d3fef825e449fa71441496ca0c573ec868eb"

rem@~0.6.3-2:
  version "0.6.8"
  resolved "http://registry.npm.taobao.org/rem/download/rem-0.6.8.tgz#2993ecc2be52a4bfe695732fc6809d6e39ce7732"
  dependencies:
    async "~0.1.22"
    colors "~0.6.0-1"
    connect "~2.7.1"
    nconf "0.6.0"
    oauth "~0.9.10"
    open "0.0.2"
    osenv "0.0.3"
    read "0.1.0"
    tough-cookie "0.9.8"

send@0.1.1:
  version "0.1.1"
  resolved "http://registry.npm.taobao.org/send/download/send-0.1.1.tgz#0bcfcbd03def6e2d8612e1abf8f4895b450c60c8"
  dependencies:
    debug "*"
    fresh "0.1.0"
    mime "~1.2.9"
    range-parser "0.0.4"

send@0.14.1:
  version "0.14.1"
  resolved "http://registry.npm.taobao.org/send/download/send-0.14.1.tgz#a954984325392f51532a7760760e459598c89f7a"
  dependencies:
    debug "~2.2.0"
    depd "~1.1.0"
    destroy "~1.0.4"
    encodeurl "~1.0.1"
    escape-html "~1.0.3"
    etag "~1.7.0"
    fresh "0.3.0"
    http-errors "~1.5.0"
    mime "1.3.4"
    ms "0.7.1"
    on-finished "~2.3.0"
    range-parser "~1.2.0"
    statuses "~1.3.0"

serve-static@~1.11.1:
  version "1.11.1"
  resolved "http://registry.npm.taobao.org/serve-static/download/serve-static-1.11.1.tgz#d6cce7693505f733c759de57befc1af76c0f0805"
  dependencies:
    encodeurl "~1.0.1"
    escape-html "~1.0.3"
    parseurl "~1.3.1"
    send "0.14.1"

setprototypeof@1.0.2:
  version "1.0.2"
  resolved "http://registry.npm.taobao.org/setprototypeof/download/setprototypeof-1.0.2.tgz#81a552141ec104b88e89ce383103ad5c66564d08"

"statuses@>= 1.3.1 < 2", statuses@~1.3.0:
  version "1.3.1"
  resolved "http://registry.npm.taobao.org/statuses/download/statuses-1.3.1.tgz#faf51b9eb74aaef3b3acf4ad5f61abf24cb7b93e"

tough-cookie@0.9.8:
  version "0.9.8"
  resolved "http://registry.npm.taobao.org/tough-cookie/download/tough-cookie-0.9.8.tgz#435991f917d7aa2d1e9e1ed93484f19a430bfd15"
  dependencies:
    punycode ">=0.2.0"

type-is@~1.6.13:
  version "1.6.14"
  resolved "http://registry.npm.taobao.org/type-is/download/type-is-1.6.14.tgz#e219639c17ded1ca0789092dd54a03826b817cb2"
  dependencies:
    media-typer "0.3.0"
    mime-types "~2.1.13"

unpipe@~1.0.0:
  version "1.0.0"
  resolved "http://registry.npm.taobao.org/unpipe/download/unpipe-1.0.0.tgz#b2bf4ee8514aae6165b4817829d21b2ef49904ec"

utils-merge@1.0.0:
  version "1.0.0"
  resolved "http://registry.npm.taobao.org/utils-merge/download/utils-merge-1.0.0.tgz#0294fb922bb9375153541c4f7096231f287c8af8"

vary@~1.1.0:
  version "1.1.0"
  resolved "http://registry.npm.taobao.org/vary/download/vary-1.1.0.tgz#e1e5affbbd16ae768dd2674394b9ad3022653140"

wordwrap@~0.0.2:
  version "0.0.3"
  resolved "http://registry.npm.taobao.org/wordwrap/download/wordwrap-0.0.3.tgz#a3d5da6cd5c0bc0008d37234bbaf1bed63059107"

